
Microsoft Visual Studio Solution File, Format Version 12.00
# Visual Studio Version 17
VisualStudioVersion = 17.7.34221.43
MinimumVisualStudioVersion = 10.0.40219.1
Project("{9A19103F-16F7-4668-BE54-9A1E7A4F7556}") = "MiRate.Web", "MiRate\MiRate.Web.csproj", "{F51ED2AF-706C-442C-B38E-45BB1E7FC896}"
EndProject
Project("{9A19103F-16F7-4668-BE54-9A1E7A4F7556}") = "MiRate.Application", "MiRate.Application\MiRate.Application.csproj", "{6DADEAC4-A9D0-4DA9-8304-642273B3308F}"
EndProject
Project("{9A19103F-16F7-4668-BE54-9A1E7A4F7556}") = "MiRate.Domain", "MiRate.Domain\MiRate.Domain.csproj", "{FB90DCE3-E457-4AA7-87A0-0927A45009EE}"
EndProject
Project("{9A19103F-16F7-4668-BE54-9A1E7A4F7556}") = "Framework.Attachments", "..\..\Frameworks\Attachments\Framework.Attachments\Framework.Attachments.csproj", "{8237ACA2-84C1-4346-8532-15A666BF14B2}"
EndProject
Global
	GlobalSection(SolutionConfigurationPlatforms) = preSolution
		Debug|Any CPU = Debug|Any CPU
		Release|Any CPU = Release|Any CPU
	EndGlobalSection
	GlobalSection(ProjectConfigurationPlatforms) = postSolution
		{F51ED2AF-706C-442C-B38E-45BB1E7FC896}.Debug|Any CPU.ActiveCfg = Debug|Any CPU
		{F51ED2AF-706C-442C-B38E-45BB1E7FC896}.Debug|Any CPU.Build.0 = Debug|Any CPU
		{F51ED2AF-706C-442C-B38E-45BB1E7FC896}.Release|Any CPU.ActiveCfg = Release|Any CPU
		{F51ED2AF-706C-442C-B38E-45BB1E7FC896}.Release|Any CPU.Build.0 = Release|Any CPU
		{6DADEAC4-A9D0-4DA9-8304-642273B3308F}.Debug|Any CPU.ActiveCfg = Debug|Any CPU
		{6DADEAC4-A9D0-4DA9-8304-642273B3308F}.Debug|Any CPU.Build.0 = Debug|Any CPU
		{6DADEAC4-A9D0-4DA9-8304-642273B3308F}.Release|Any CPU.ActiveCfg = Release|Any CPU
		{6DADEAC4-A9D0-4DA9-8304-642273B3308F}.Release|Any CPU.Build.0 = Release|Any CPU
		{FB90DCE3-E457-4AA7-87A0-0927A45009EE}.Debug|Any CPU.ActiveCfg = Debug|Any CPU
		{FB90DCE3-E457-4AA7-87A0-0927A45009EE}.Debug|Any CPU.Build.0 = Debug|Any CPU
		{FB90DCE3-E457-4AA7-87A0-0927A45009EE}.Release|Any CPU.ActiveCfg = Release|Any CPU
		{FB90DCE3-E457-4AA7-87A0-0927A45009EE}.Release|Any CPU.Build.0 = Release|Any CPU
		{8237ACA2-84C1-4346-8532-15A666BF14B2}.Debug|Any CPU.ActiveCfg = Debug|Any CPU
		{8237ACA2-84C1-4346-8532-15A666BF14B2}.Debug|Any CPU.Build.0 = Debug|Any CPU
		{8237ACA2-84C1-4346-8532-15A666BF14B2}.Release|Any CPU.ActiveCfg = Release|Any CPU
		{8237ACA2-84C1-4346-8532-15A666BF14B2}.Release|Any CPU.Build.0 = Release|Any CPU
	EndGlobalSection
	GlobalSection(SolutionProperties) = preSolution
		HideSolutionNode = FALSE
	EndGlobalSection
	GlobalSection(ExtensibilityGlobals) = postSolution
		SolutionGuid = {6CB8381C-10FC-4E56-A5DB-68A66423E2E1}
	EndGlobalSection
EndGlobal
